# THIS IS AN AUTOGENERATED FILE. DO NOT EDIT THIS FILE DIRECTLY.
# yarn lockfile v1


"@types/bn.js@*":
  version "4.11.6"
  resolved "https://registry.yarnpkg.com/@types/bn.js/-/bn.js-4.11.6.tgz#c306c70d9358aaea33cd4eda092a742b9505967c"
  integrity sha512-pqr857jrp2kPuO9uRjZ3PwnJTjoQy+fcdxvBTvHm6dkmEL9q+hDD/2j/0ELOBPtPnS8LjCX0gI9nbl8lVkadpg==
  dependencies:
    "@types/node" "*"

"@types/elliptic@6.4.10":
  version "6.4.10"
  resolved "https://registry.yarnpkg.com/@types/elliptic/-/elliptic-6.4.10.tgz#352078ebc911484e30fc0d1eca3e3c865bf0e8f8"
  integrity sha512-9h+Bw+aNiLzcq9DGstHccNxSsJ5iNId7mzruid7+kwm7F1IGvb4rBOOPo3+twt9ZPhI3y+JJ2m1UfgU8cOEJuQ==
  dependencies:
    "@types/bn.js" "*"

"@types/node@*":
  version "13.7.0"
  resolved "https://registry.yarnpkg.com/@types/node/-/node-13.7.0.tgz#b417deda18cf8400f278733499ad5547ed1abec4"
  integrity sha512-GnZbirvmqZUzMgkFn70c74OQpTTUcCzlhQliTzYjQMqg+hVKcDnxdL19Ne3UdYzdMA/+W3eb646FWn/ZaT1NfQ==

babel-runtime@6.26.0:
  version "6.26.0"
  resolved "https://registry.yarnpkg.com/babel-runtime/-/babel-runtime-6.26.0.tgz#965c7058668e82b55d7bfe04ff2337bc8b5647fe"
  integrity sha1-llxwWGaOgrVde/4E/yM3vItWR/4=
  dependencies:
    core-js "^2.4.0"
    regenerator-runtime "^0.11.0"

bn.js@^4.4.0:
  version "4.11.8"
  resolved "https://registry.yarnpkg.com/bn.js/-/bn.js-4.11.8.tgz#2cde09eb5ee341f484746bb0309b3253b1b1442f"
  integrity sha512-ItfYfPLkWHUjckQCk8xC+LwxgK8NYcXywGigJgSwOP8Y2iyWT4f2vsZnoOXTTbo+o5yXmIUJ4gn5538SO5S3gA==

brorand@^1.0.1:
  version "1.1.0"
  resolved "https://registry.yarnpkg.com/brorand/-/brorand-1.1.0.tgz#12c25efe40a45e3c323eb8675a0a0ce57b22371f"
  integrity sha1-EsJe/kCkXjwyPrhnWgoM5XsiNx8=

commander@^4.0.0:
  version "4.0.0"
  resolved "https://registry.yarnpkg.com/commander/-/commander-4.0.0.tgz#e782b6afe6a0f1b1408be59429919e1305160e3f"
  integrity sha512-SEa2abMBTZuEjLVYpNrAFoRgxPwG4rXP3+SGY6CM/HZGeDzIA7Pzp+7H3AHDukKEpyy2SoSGGPShKqqfH9T9AQ==

core-js@^2.4.0:
  version "2.6.10"
  resolved "https://registry.yarnpkg.com/core-js/-/core-js-2.6.10.tgz#8a5b8391f8cc7013da703411ce5b585706300d7f"
  integrity sha512-I39t74+4t+zau64EN1fE5v2W31Adtc/REhzWN+gWRRXg6WH5qAsZm62DHpQ1+Yhe4047T55jvzz7MUqF/dBBlA==

elliptic@6.5.0:
  version "6.5.0"
  resolved "https://registry.yarnpkg.com/elliptic/-/elliptic-6.5.0.tgz#2b8ed4c891b7de3200e14412a5b8248c7af505ca"
  integrity sha512-eFOJTMyCYb7xtE/caJ6JJu+bhi67WCYNbkGSknu20pmM8Ke/bqOfdnZWxyoGN26JgfxTbXrsCkEw4KheCT/KGg==
  dependencies:
    bn.js "^4.4.0"
    brorand "^1.0.1"
    hash.js "^1.0.0"
    hmac-drbg "^1.0.0"
    inherits "^2.0.1"
    minimalistic-assert "^1.0.0"
    minimalistic-crypto-utils "^1.0.0"

eosjs@^21.0.1-rc1:
  version "21.0.1-rc1"
  resolved "https://registry.yarnpkg.com/eosjs/-/eosjs-21.0.1-rc1.tgz#671f38bf04cfa0786ef9fef4cab10aa5ca049cde"
  integrity sha512-/6vnDdgtTO8WdL2v1psFEyMSeUOQZ3gtWkxP8SSKHp1XYla2fTbPJjHW5cM7pvGhExikL2VcAEsDKKgKo1kVLA==
  dependencies:
    "@types/elliptic" "6.4.10"
    babel-runtime "6.26.0"
    elliptic "6.5.0"
    text-encoding "0.7.0"

hash.js@^1.0.0, hash.js@^1.0.3:
  version "1.1.7"
  resolved "https://registry.yarnpkg.com/hash.js/-/hash.js-1.1.7.tgz#0babca538e8d4ee4a0f8988d68866537a003cf42"
  integrity sha512-taOaskGt4z4SOANNseOviYDvjEJinIkRgmp7LbKP2YTTmVxWBl87s/uzK9r+44BclBSp2X7K1hqeNfz9JbBeXA==
  dependencies:
    inherits "^2.0.3"
    minimalistic-assert "^1.0.1"

hmac-drbg@^1.0.0:
  version "1.0.1"
  resolved "https://registry.yarnpkg.com/hmac-drbg/-/hmac-drbg-1.0.1.tgz#d2745701025a6c775a6c545793ed502fc0c649a1"
  integrity sha1-0nRXAQJabHdabFRXk+1QL8DGSaE=
  dependencies:
    hash.js "^1.0.3"
    minimalistic-assert "^1.0.0"
    minimalistic-crypto-utils "^1.0.1"

inherits@^2.0.1, inherits@^2.0.3:
  version "2.0.4"
  resolved "https://registry.yarnpkg.com/inherits/-/inherits-2.0.4.tgz#0fa2c64f932917c3433a0ded55363aae37416b7c"
  integrity sha512-k/vGaX4/Yla3WzyMCvTQOXYeIHvqOKtnqBduzTHpzpQZzAskKMhZ2K+EnBiSM9zGSoIFeMpXKxa4dYeZIQqewQ==

minimalistic-assert@^1.0.0, minimalistic-assert@^1.0.1:
  version "1.0.1"
  resolved "https://registry.yarnpkg.com/minimalistic-assert/-/minimalistic-assert-1.0.1.tgz#2e194de044626d4a10e7f7fbc00ce73e83e4d5c7"
  integrity sha512-UtJcAD4yEaGtjPezWuO9wC4nwUnVH/8/Im3yEHQP4b67cXlD/Qr9hdITCU1xDbSEXg2XKNaP8jsReV7vQd00/A==

minimalistic-crypto-utils@^1.0.0, minimalistic-crypto-utils@^1.0.1:
  version "1.0.1"
  resolved "https://registry.yarnpkg.com/minimalistic-crypto-utils/-/minimalistic-crypto-utils-1.0.1.tgz#f6c00c1c0b082246e5c4d99dfb8c7c083b2b582a"
  integrity sha1-9sAMHAsIIkblxNmd+4x8CDsrWCo=

node-fetch@^2.6.0:
  version "2.6.0"
  resolved "https://registry.yarnpkg.com/node-fetch/-/node-fetch-2.6.0.tgz#e633456386d4aa55863f676a7ab0daa8fdecb0fd"
  integrity sha512-8dG4H5ujfvFiqDmVu9fQ5bOHUC15JMjMY/Zumv26oOvvVJjM67KF8koCWIabKQ1GJIa9r2mMZscBq/TbdOcmNA==

regenerator-runtime@^0.11.0:
  version "0.11.1"
  resolved "https://registry.yarnpkg.com/regenerator-runtime/-/regenerator-runtime-0.11.1.tgz#be05ad7f9bf7d22e056f9726cee5017fbf19e2e9"
  integrity sha512-MguG95oij0fC3QV3URf4V2SDYGJhJnJGqvIIgdECeODCT98wSWDAJ94SSuVpYQUoTcGUIL6L4yNB7j1DFFHSBg==

text-encoding@0.7.0:
  version "0.7.0"
  resolved "https://registry.yarnpkg.com/text-encoding/-/text-encoding-0.7.0.tgz#f895e836e45990624086601798ea98e8f36ee643"
  integrity sha512-oJQ3f1hrOnbRLOcwKz0Liq2IcrvDeZRHXhd9RgLrsT+DjWY/nty1Hi7v3dtkaEYbPYe0mUoOfzRrMwfXXwgPUA==
